
Microsoft Visual Studio Solution File, Format Version 12.00
# Visual Studio Version 17
VisualStudioVersion = 17.5.33530.505
MinimumVisualStudioVersion = 10.0.40219.1
Project("{FAE04EC0-301F-11D3-BF4B-00C04F79EFBC}") = "ControleDeEstoque", "ControleDeEstoque\ControleDeEstoque.csproj", "{AF2CF52F-11CD-449D-8987-0688BA9F021C}"
EndProject
Project("{FAE04EC0-301F-11D3-BF4B-00C04F79EFBC}") = "ControleDeEstoque.Business", "ControleDeEstoque.Business\ControleDeEstoque.Business.csproj", "{0B47B53D-7373-4A61-995C-323B334FDDF9}"
EndProject
Project("{FAE04EC0-301F-11D3-BF4B-00C04F79EFBC}") = "ControleDeEstoque.Data", "ControleDeEstoque.Data\ControleDeEstoque.Data.csproj", "{330588BB-E4C6-4F9D-B95F-E9CA8765271D}"
EndProject
Project("{FAE04EC0-301F-11D3-BF4B-00C04F79EFBC}") = "ControleDeEstoque.Model", "ControleDeEstoque.Model\ControleDeEstoque.Model.csproj", "{220FAA93-ED0F-4931-A4CD-160F1CCD7E7B}"
EndProject
Global
	GlobalSection(SolutionConfigurationPlatforms) = preSolution
		Debug|Any CPU = Debug|Any CPU
		Release|Any CPU = Release|Any CPU
	EndGlobalSection
	GlobalSection(ProjectConfigurationPlatforms) = postSolution
		{AF2CF52F-11CD-449D-8987-0688BA9F021C}.Debug|Any CPU.ActiveCfg = Debug|Any CPU
		{AF2CF52F-11CD-449D-8987-0688BA9F021C}.Debug|Any CPU.Build.0 = Debug|Any CPU
		{AF2CF52F-11CD-449D-8987-0688BA9F021C}.Release|Any CPU.ActiveCfg = Release|Any CPU
		{AF2CF52F-11CD-449D-8987-0688BA9F021C}.Release|Any CPU.Build.0 = Release|Any CPU
		{0B47B53D-7373-4A61-995C-323B334FDDF9}.Debug|Any CPU.ActiveCfg = Debug|Any CPU
		{0B47B53D-7373-4A61-995C-323B334FDDF9}.Debug|Any CPU.Build.0 = Debug|Any CPU
		{0B47B53D-7373-4A61-995C-323B334FDDF9}.Release|Any CPU.ActiveCfg = Release|Any CPU
		{0B47B53D-7373-4A61-995C-323B334FDDF9}.Release|Any CPU.Build.0 = Release|Any CPU
		{330588BB-E4C6-4F9D-B95F-E9CA8765271D}.Debug|Any CPU.ActiveCfg = Debug|Any CPU
		{330588BB-E4C6-4F9D-B95F-E9CA8765271D}.Debug|Any CPU.Build.0 = Debug|Any CPU
		{330588BB-E4C6-4F9D-B95F-E9CA8765271D}.Release|Any CPU.ActiveCfg = Release|Any CPU
		{330588BB-E4C6-4F9D-B95F-E9CA8765271D}.Release|Any CPU.Build.0 = Release|Any CPU
		{220FAA93-ED0F-4931-A4CD-160F1CCD7E7B}.Debug|Any CPU.ActiveCfg = Debug|Any CPU
		{220FAA93-ED0F-4931-A4CD-160F1CCD7E7B}.Debug|Any CPU.Build.0 = Debug|Any CPU
		{220FAA93-ED0F-4931-A4CD-160F1CCD7E7B}.Release|Any CPU.ActiveCfg = Release|Any CPU
		{220FAA93-ED0F-4931-A4CD-160F1CCD7E7B}.Release|Any CPU.Build.0 = Release|Any CPU
	EndGlobalSection
	GlobalSection(SolutionProperties) = preSolution
		HideSolutionNode = FALSE
	EndGlobalSection
	GlobalSection(ExtensibilityGlobals) = postSolution
		SolutionGuid = {EEDD3DEB-4D7F-4950-A253-03345A27C4BC}
	EndGlobalSection
EndGlobal
